NeoBundleLock EasyMotion bde4831d5c6922440651a3423c9b60116415f1db
NeoBundleLock The-NERD-tree af65bd23e69a3a5fc1a39eb47733191b7110bb1e
NeoBundleLock TweetVim d63331ef51f70fd5fcd308a16cf3d65f250d6bb3
NeoBundleLock badwolf e6fdf1844ac7fe9f479f93846081f9294eb992c0
NeoBundleLock bitly.vim cef05fe8b905e99c5746d8d6348e211d71f30064
NeoBundleLock favstar-vim 038b24176afd926b56cc04f9c0ab53dc08eff094
NeoBundleLock fugitive.vim f55b1feda7e26ce4ee8867c7776a0102843f13b2
NeoBundleLock mru.vim fefe767e05fbf8469ae9393d1cb9837f247e05e4
NeoBundleLock neobundle.vim 0b44247d063838e7709aeb225727020080cdc454
NeoBundleLock neocomplete.vim b7122b1efcd988846df0396f894ad9221fce5006
NeoBundleLock open-browser.vim 4184376d06525f9b5fb7c08ce2a482e1d6acf645
NeoBundleLock powerline-fontpatcher 18a788b8ec1822095813b73b0582a096320ff714
NeoBundleLock surround.vim ea46fd04abbb59c4d1c17145c7e90adb8d3702b4
NeoBundleLock twibill.vim fe08b7202b685fd0912625327e474f9de0993b93
NeoBundleLock unite-outline 962aaa61d5585634c15c3a7071df7c6a12c5e3cd
NeoBundleLock unite.vim f7797945465c8fcb49d8519d1e122e680ae673a8
NeoBundleLock vim-coffee-script 827e4a38b07479433b619091469a7495a392df8a
NeoBundleLock vim-endwise bba43b831ae0485cf9b86d16340a6a314b927391
NeoBundleLock vim-indent-guides eec1b629dc4cfa3986d20f21d4b4489732cd3f5a
NeoBundleLock vim-quickrun 324a8a3fbc5cdde3de21f0b76fb7cc0775a91c2c
NeoBundleLock vim-rails b5ccdb47f0b0001bf263a80315d3b6bca7bc3b2e
NeoBundleLock vim-ruby 4661bf70f428c0436ea60d9ba515b4b8dca73f0d
NeoBundleLock vim-trailing-whitespace d4ad27de051848e544e360482bdf076b154de0c1
NeoBundleLock vimproc c0f0b8a5c344756f537e8c0659c8bbf225d5802d
NeoBundleLock webapi-vim a7789abffe936db56e3152e23733847f94755753
